// !$*UTF8*$!
{
	archiveVersion = 1;
	classes = {
	};
	objectVersion = 50;
	objects = {

/* Begin PBXBuildFile section */
		2B1CDA0320E1F12A00387F55 /* libmarkdown.swift in Sources */ = {isa = PBXBuildFile; fileRef = 2B1CDA0220E1F12A00387F55 /* libmarkdown.swift */; };
		2B1CDA2920E1F18500387F55 /* wstring_utils.cpp in Sources */ = {isa = PBXBuildFile; fileRef = 2B1CDA0C20E1F18500387F55 /* wstring_utils.cpp */; };
		2B1CDA2A20E1F18500387F55 /* native-lib.cpp in Sources */ = {isa = PBXBuildFile; fileRef = 2B1CDA0D20E1F18500387F55 /* native-lib.cpp */; };
		2B1CDA2B20E1F18500387F55 /* Markup.cpp in Sources */ = {isa = PBXBuildFile; fileRef = 2B1CDA1620E1F18500387F55 /* Markup.cpp */; };
		2B1CDA2C20E1F18500387F55 /* Content.cpp in Sources */ = {isa = PBXBuildFile; fileRef = 2B1CDA1720E1F18500387F55 /* Content.cpp */; };
		2B1CDA2D20E1F18500387F55 /* Paragraph.cpp in Sources */ = {isa = PBXBuildFile; fileRef = 2B1CDA1820E1F18500387F55 /* Paragraph.cpp */; };
		2B1CDA2E20E1F18500387F55 /* BodyModel.cpp in Sources */ = {isa = PBXBuildFile; fileRef = 2B1CDA1A20E1F18500387F55 /* BodyModel.cpp */; };
		2B1CDA2F20E1F18500387F55 /* Parser.cpp in Sources */ = {isa = PBXBuildFile; fileRef = 2B1CDA1B20E1F18500387F55 /* Parser.cpp */; };
		2B1CDA3020E1F18500387F55 /* Style.cpp in Sources */ = {isa = PBXBuildFile; fileRef = 2B1CDA1F20E1F18500387F55 /* Style.cpp */; };
		2B1CDA3120E1F18500387F55 /* Json2MarkdownParser.cpp in Sources */ = {isa = PBXBuildFile; fileRef = 2B1CDA2020E1F18500387F55 /* Json2MarkdownParser.cpp */; };
		2B1CDA3220E1F18500387F55 /* Block.cpp in Sources */ = {isa = PBXBuildFile; fileRef = 2B1CDA2120E1F18500387F55 /* Block.cpp */; };
		2B1CDA3320E1F18500387F55 /* Doc.cpp in Sources */ = {isa = PBXBuildFile; fileRef = 2B1CDA2420E1F18500387F55 /* Doc.cpp */; };
		2B1CDA3420E1F18500387F55 /* Wrapper.mm in Sources */ = {isa = PBXBuildFile; fileRef = 2B1CDA2720E1F18500387F55 /* Wrapper.mm */; };
		2B1CDA3520E1F18500387F55 /* WrapperSwift.swift in Sources */ = {isa = PBXBuildFile; fileRef = 2B1CDA2820E1F18500387F55 /* WrapperSwift.swift */; };
		2B1CDA3720E1F1D600387F55 /* WrapperSwift.swift in Headers */ = {isa = PBXBuildFile; fileRef = 2B1CDA2820E1F18500387F55 /* WrapperSwift.swift */; };
/* End PBXBuildFile section */

/* Begin PBXCopyFilesBuildPhase section */
		2B1CD9FD20E1F12A00387F55 /* CopyFiles */ = {
			isa = PBXCopyFilesBuildPhase;
			buildActionMask = 2147483647;
			dstPath = "include/$(PRODUCT_NAME)";
			dstSubfolderSpec = 16;
			files = (
			);
			runOnlyForDeploymentPostprocessing = 0;
		};
/* End PBXCopyFilesBuildPhase section */

/* Begin PBXFileReference section */
		2B1CD9FF20E1F12A00387F55 /* liblibmarkdown.a */ = {isa = PBXFileReference; explicitFileType = archive.ar; includeInIndex = 0; path = liblibmarkdown.a; sourceTree = BUILT_PRODUCTS_DIR; };
		2B1CDA0220E1F12A00387F55 /* libmarkdown.swift */ = {isa = PBXFileReference; lastKnownFileType = sourcecode.swift; path = libmarkdown.swift; sourceTree = "<group>"; };
		2B1CDA0920E1F18400387F55 /* libmarkdown-Bridging-Header.h */ = {isa = PBXFileReference; lastKnownFileType = sourcecode.c.h; path = "libmarkdown-Bridging-Header.h"; sourceTree = "<group>"; };
		2B1CDA0A20E1F18500387F55 /* Wrapper.h */ = {isa = PBXFileReference; fileEncoding = 4; lastKnownFileType = sourcecode.c.h; path = Wrapper.h; sourceTree = "<group>"; };
		2B1CDA0C20E1F18500387F55 /* wstring_utils.cpp */ = {isa = PBXFileReference; fileEncoding = 4; lastKnownFileType = sourcecode.cpp.cpp; path = wstring_utils.cpp; sourceTree = "<group>"; };
		2B1CDA0D20E1F18500387F55 /* native-lib.cpp */ = {isa = PBXFileReference; fileEncoding = 4; lastKnownFileType = sourcecode.cpp.cpp; path = "native-lib.cpp"; sourceTree = "<group>"; };
		2B1CDA0F20E1F18500387F55 /* GenerateId.hpp */ = {isa = PBXFileReference; fileEncoding = 4; lastKnownFileType = sourcecode.cpp.h; path = GenerateId.hpp; sourceTree = "<group>"; };
		2B1CDA1020E1F18500387F55 /* Paragraph.hpp */ = {isa = PBXFileReference; fileEncoding = 4; lastKnownFileType = sourcecode.cpp.h; path = Paragraph.hpp; sourceTree = "<group>"; };
		2B1CDA1120E1F18500387F55 /* BodyModel.hpp */ = {isa = PBXFileReference; fileEncoding = 4; lastKnownFileType = sourcecode.cpp.h; path = BodyModel.hpp; sourceTree = "<group>"; };
		2B1CDA1220E1F18500387F55 /* Parser.hpp */ = {isa = PBXFileReference; fileEncoding = 4; lastKnownFileType = sourcecode.cpp.h; path = Parser.hpp; sourceTree = "<group>"; };
		2B1CDA1320E1F18500387F55 /* Rule.hpp */ = {isa = PBXFileReference; fileEncoding = 4; lastKnownFileType = sourcecode.cpp.h; path = Rule.hpp; sourceTree = "<group>"; };
		2B1CDA1420E1F18500387F55 /* Markup.hpp */ = {isa = PBXFileReference; fileEncoding = 4; lastKnownFileType = sourcecode.cpp.h; path = Markup.hpp; sourceTree = "<group>"; };
		2B1CDA1520E1F18500387F55 /* Content.hpp */ = {isa = PBXFileReference; fileEncoding = 4; lastKnownFileType = sourcecode.cpp.h; path = Content.hpp; sourceTree = "<group>"; };
		2B1CDA1620E1F18500387F55 /* Markup.cpp */ = {isa = PBXFileReference; fileEncoding = 4; lastKnownFileType = sourcecode.cpp.cpp; path = Markup.cpp; sourceTree = "<group>"; };
		2B1CDA1720E1F18500387F55 /* Content.cpp */ = {isa = PBXFileReference; fileEncoding = 4; lastKnownFileType = sourcecode.cpp.cpp; path = Content.cpp; sourceTree = "<group>"; };
		2B1CDA1820E1F18500387F55 /* Paragraph.cpp */ = {isa = PBXFileReference; fileEncoding = 4; lastKnownFileType = sourcecode.cpp.cpp; path = Paragraph.cpp; sourceTree = "<group>"; };
		2B1CDA1920E1F18500387F55 /* BlockType.hpp */ = {isa = PBXFileReference; fileEncoding = 4; lastKnownFileType = sourcecode.cpp.h; path = BlockType.hpp; sourceTree = "<group>"; };
		2B1CDA1A20E1F18500387F55 /* BodyModel.cpp */ = {isa = PBXFileReference; fileEncoding = 4; lastKnownFileType = sourcecode.cpp.cpp; path = BodyModel.cpp; sourceTree = "<group>"; };
		2B1CDA1B20E1F18500387F55 /* Parser.cpp */ = {isa = PBXFileReference; fileEncoding = 4; lastKnownFileType = sourcecode.cpp.cpp; path = Parser.cpp; sourceTree = "<group>"; };
		2B1CDA1C20E1F18500387F55 /* json.h */ = {isa = PBXFileReference; fileEncoding = 4; lastKnownFileType = sourcecode.c.h; path = json.h; sourceTree = "<group>"; };
		2B1CDA1E20E1F18500387F55 /* Doc.hpp */ = {isa = PBXFileReference; fileEncoding = 4; lastKnownFileType = sourcecode.cpp.h; path = Doc.hpp; sourceTree = "<group>"; };
		2B1CDA1F20E1F18500387F55 /* Style.cpp */ = {isa = PBXFileReference; fileEncoding = 4; lastKnownFileType = sourcecode.cpp.cpp; path = Style.cpp; sourceTree = "<group>"; };
		2B1CDA2020E1F18500387F55 /* Json2MarkdownParser.cpp */ = {isa = PBXFileReference; fileEncoding = 4; lastKnownFileType = sourcecode.cpp.cpp; path = Json2MarkdownParser.cpp; sourceTree = "<group>"; };
		2B1CDA2120E1F18500387F55 /* Block.cpp */ = {isa = PBXFileReference; fileEncoding = 4; lastKnownFileType = sourcecode.cpp.cpp; path = Block.cpp; sourceTree = "<group>"; };
		2B1CDA2220E1F18500387F55 /* Json2MarkdownParser.hpp */ = {isa = PBXFileReference; fileEncoding = 4; lastKnownFileType = sourcecode.cpp.h; path = Json2MarkdownParser.hpp; sourceTree = "<group>"; };
		2B1CDA2320E1F18500387F55 /* Block.hpp */ = {isa = PBXFileReference; fileEncoding = 4; lastKnownFileType = sourcecode.cpp.h; path = Block.hpp; sourceTree = "<group>"; };
		2B1CDA2420E1F18500387F55 /* Doc.cpp */ = {isa = PBXFileReference; fileEncoding = 4; lastKnownFileType = sourcecode.cpp.cpp; path = Doc.cpp; sourceTree = "<group>"; };
		2B1CDA2520E1F18500387F55 /* Style.hpp */ = {isa = PBXFileReference; fileEncoding = 4; lastKnownFileType = sourcecode.cpp.h; path = Style.hpp; sourceTree = "<group>"; };
		2B1CDA2620E1F18500387F55 /* wstring_utils.hpp */ = {isa = PBXFileReference; fileEncoding = 4; lastKnownFileType = sourcecode.cpp.h; path = wstring_utils.hpp; sourceTree = "<group>"; };
		2B1CDA2720E1F18500387F55 /* Wrapper.mm */ = {isa = PBXFileReference; fileEncoding = 4; lastKnownFileType = sourcecode.cpp.objcpp; path = Wrapper.mm; sourceTree = "<group>"; };
		2B1CDA2820E1F18500387F55 /* WrapperSwift.swift */ = {isa = PBXFileReference; fileEncoding = 4; lastKnownFileType = sourcecode.swift; path = WrapperSwift.swift; sourceTree = "<group>"; };
/* End PBXFileReference section */

/* Begin PBXFrameworksBuildPhase section */
		2B1CD9FC20E1F12A00387F55 /* Frameworks */ = {
			isa = PBXFrameworksBuildPhase;
			buildActionMask = 2147483647;
			files = (
			);
			runOnlyForDeploymentPostprocessing = 0;
		};
/* End PBXFrameworksBuildPhase section */

/* Begin PBXGroup section */
		2B1CD9F620E1F12A00387F55 = {
			isa = PBXGroup;
			children = (
				2B1CDA0120E1F12A00387F55 /* libmarkdown */,
				2B1CDA0020E1F12A00387F55 /* Products */,
			);
			sourceTree = "<group>";
		};
		2B1CDA0020E1F12A00387F55 /* Products */ = {
			isa = PBXGroup;
			children = (
				2B1CD9FF20E1F12A00387F55 /* liblibmarkdown.a */,
			);
			name = Products;
			sourceTree = "<group>";
		};
		2B1CDA0120E1F12A00387F55 /* libmarkdown */ = {
			isa = PBXGroup;
			children = (
				2B1CDA0220E1F12A00387F55 /* libmarkdown.swift */,
				2B1CDA0B20E1F18500387F55 /* cpp */,
				2B1CDA0A20E1F18500387F55 /* Wrapper.h */,
				2B1CDA2720E1F18500387F55 /* Wrapper.mm */,
				2B1CDA2820E1F18500387F55 /* WrapperSwift.swift */,
				2B1CDA0920E1F18400387F55 /* libmarkdown-Bridging-Header.h */,
			);
			path = libmarkdown;
			sourceTree = "<group>";
		};
		2B1CDA0B20E1F18500387F55 /* cpp */ = {
			isa = PBXGroup;
			children = (
				2B1CDA0C20E1F18500387F55 /* wstring_utils.cpp */,
				2B1CDA0D20E1F18500387F55 /* native-lib.cpp */,
				2B1CDA0E20E1F18500387F55 /* markdown2json */,
				2B1CDA1C20E1F18500387F55 /* json.h */,
				2B1CDA1D20E1F18500387F55 /* json2markdown */,
				2B1CDA2620E1F18500387F55 /* wstring_utils.hpp */,
			);
			path = cpp;
			sourceTree = "<group>";
		};
		2B1CDA0E20E1F18500387F55 /* markdown2json */ = {
			isa = PBXGroup;
			children = (
				2B1CDA0F20E1F18500387F55 /* GenerateId.hpp */,
				2B1CDA1020E1F18500387F55 /* Paragraph.hpp */,
				2B1CDA1120E1F18500387F55 /* BodyModel.hpp */,
				2B1CDA1220E1F18500387F55 /* Parser.hpp */,
				2B1CDA1320E1F18500387F55 /* Rule.hpp */,
				2B1CDA1420E1F18500387F55 /* Markup.hpp */,
				2B1CDA1520E1F18500387F55 /* Content.hpp */,
				2B1CDA1620E1F18500387F55 /* Markup.cpp */,
				2B1CDA1720E1F18500387F55 /* Content.cpp */,
				2B1CDA1820E1F18500387F55 /* Paragraph.cpp */,
				2B1CDA1920E1F18500387F55 /* BlockType.hpp */,
				2B1CDA1A20E1F18500387F55 /* BodyModel.cpp */,
				2B1CDA1B20E1F18500387F55 /* Parser.cpp */,
			);
			path = markdown2json;
			sourceTree = "<group>";
		};
		2B1CDA1D20E1F18500387F55 /* json2markdown */ = {
			isa = PBXGroup;
			children = (
				2B1CDA1E20E1F18500387F55 /* Doc.hpp */,
				2B1CDA1F20E1F18500387F55 /* Style.cpp */,
				2B1CDA2020E1F18500387F55 /* Json2MarkdownParser.cpp */,
				2B1CDA2120E1F18500387F55 /* Block.cpp */,
				2B1CDA2220E1F18500387F55 /* Json2MarkdownParser.hpp */,
				2B1CDA2320E1F18500387F55 /* Block.hpp */,
				2B1CDA2420E1F18500387F55 /* Doc.cpp */,
				2B1CDA2520E1F18500387F55 /* Style.hpp */,
			);
			path = json2markdown;
			sourceTree = "<group>";
		};
/* End PBXGroup section */

/* Begin PBXHeadersBuildPhase section */
		2B1CDA3620E1F1C500387F55 /* Headers */ = {
			isa = PBXHeadersBuildPhase;
			buildActionMask = 2147483647;
			files = (
				2B1CDA3720E1F1D600387F55 /* WrapperSwift.swift in Headers */,
			);
			runOnlyForDeploymentPostprocessing = 0;
		};
/* End PBXHeadersBuildPhase section */

/* Begin PBXNativeTarget section */
		2B1CD9FE20E1F12A00387F55 /* libmarkdown */ = {
			isa = PBXNativeTarget;
			buildConfigurationList = 2B1CDA0620E1F12A00387F55 /* Build configuration list for PBXNativeTarget "libmarkdown" */;
			buildPhases = (
				2B1CD9FB20E1F12A00387F55 /* Sources */,
				2B1CD9FC20E1F12A00387F55 /* Frameworks */,
				2B1CD9FD20E1F12A00387F55 /* CopyFiles */,
				2B1CDA3620E1F1C500387F55 /* Headers */,
			);
			buildRules = (
			);
			dependencies = (
			);
			name = libmarkdown;
			productName = libmarkdown;
			productReference = 2B1CD9FF20E1F12A00387F55 /* liblibmarkdown.a */;
			productType = "com.apple.product-type.library.static";
		};
/* End PBXNativeTarget section */

/* Begin PBXProject section */
		2B1CD9F720E1F12A00387F55 /* Project object */ = {
			isa = PBXProject;
			attributes = {
				LastSwiftUpdateCheck = 0930;
				LastUpgradeCheck = 0930;
				ORGANIZATIONNAME = radar;
				TargetAttributes = {
					2B1CD9FE20E1F12A00387F55 = {
						CreatedOnToolsVersion = 9.3;
						LastSwiftMigration = 0930;
					};
				};
			};
			buildConfigurationList = 2B1CD9FA20E1F12A00387F55 /* Build configuration list for PBXProject "libmarkdown" */;
			compatibilityVersion = "Xcode 9.3";
			developmentRegion = en;
			hasScannedForEncodings = 0;
			knownRegions = (
				en,
			);
			mainGroup = 2B1CD9F620E1F12A00387F55;
			productRefGroup = 2B1CDA0020E1F12A00387F55 /* Products */;
			projectDirPath = "";
			projectRoot = "";
			targets = (
				2B1CD9FE20E1F12A00387F55 /* libmarkdown */,
			);
		};
/* End PBXProject section */

/* Begin PBXSourcesBuildPhase section */
		2B1CD9FB20E1F12A00387F55 /* Sources */ = {
			isa = PBXSourcesBuildPhase;
			buildActionMask = 2147483647;
			files = (
				2B1CDA2F20E1F18500387F55 /* Parser.cpp in Sources */,
				2B1CDA2920E1F18500387F55 /* wstring_utils.cpp in Sources */,
				2B1CDA0320E1F12A00387F55 /* libmarkdown.swift in Sources */,
				2B1CDA2E20E1F18500387F55 /* BodyModel.cpp in Sources */,
				2B1CDA2D20E1F18500387F55 /* Paragraph.cpp in Sources */,
				2B1CDA3520E1F18500387F55 /* WrapperSwift.swift in Sources */,
				2B1CDA2A20E1F18500387F55 /* native-lib.cpp in Sources */,
				2B1CDA3320E1F18500387F55 /* Doc.cpp in Sources */,
				2B1CDA3120E1F18500387F55 /* Json2MarkdownParser.cpp in Sources */,
				2B1CDA2C20E1F18500387F55 /* Content.cpp in Sources */,
				2B1CDA3420E1F18500387F55 /* Wrapper.mm in Sources */,
				2B1CDA2B20E1F18500387F55 /* Markup.cpp in Sources */,
				2B1CDA3220E1F18500387F55 /* Block.cpp in Sources */,
				2B1CDA3020E1F18500387F55 /* Style.cpp in Sources */,
			);
			runOnlyForDeploymentPostprocessing = 0;
		};
/* End PBXSourcesBuildPhase section */

/* Begin XCBuildConfiguration section */
		2B1CDA0420E1F12A00387F55 /* Debug */ = {
			isa = XCBuildConfiguration;
			buildSettings = {
				ALWAYS_SEARCH_USER_PATHS = NO;
				CLANG_ANALYZER_NONNULL = YES;
				CLANG_ANALYZER_NUMBER_OBJECT_CONVERSION = YES_AGGRESSIVE;
				CLANG_CXX_LANGUAGE_STANDARD = "gnu++14";
				CLANG_CXX_LIBRARY = "libc++";
				CLANG_ENABLE_MODULES = YES;
				CLANG_ENABLE_OBJC_ARC = YES;
				CLANG_ENABLE_OBJC_WEAK = YES;
				CLANG_WARN_BLOCK_CAPTURE_AUTORELEASING = YES;
				CLANG_WARN_BOOL_CONVERSION = YES;
				CLANG_WARN_COMMA = YES;
				CLANG_WARN_CONSTANT_CONVERSION = YES;
				CLANG_WARN_DEPRECATED_OBJC_IMPLEMENTATIONS = YES;
				CLANG_WARN_DIRECT_OBJC_ISA_USAGE = YES_ERROR;
				CLANG_WARN_DOCUMENTATION_COMMENTS = YES;
				CLANG_WARN_EMPTY_BODY = YES;
				CLANG_WARN_ENUM_CONVERSION = YES;
				CLANG_WARN_INFINITE_RECURSION = YES;
				CLANG_WARN_INT_CONVERSION = YES;
				CLANG_WARN_NON_LITERAL_NULL_CONVERSION = YES;
				CLANG_WARN_OBJC_IMPLICIT_RETAIN_SELF = YES;
				CLANG_WARN_OBJC_LITERAL_CONVERSION = YES;
				CLANG_WARN_OBJC_ROOT_CLASS = YES_ERROR;
				CLANG_WARN_RANGE_LOOP_ANALYSIS = YES;
				CLANG_WARN_STRICT_PROTOTYPES = YES;
				CLANG_WARN_SUSPICIOUS_MOVE = YES;
				CLANG_WARN_UNGUARDED_AVAILABILITY = YES_AGGRESSIVE;
				CLANG_WARN_UNREACHABLE_CODE = YES;
				CLANG_WARN__DUPLICATE_METHOD_MATCH = YES;
				CODE_SIGN_IDENTITY = "iPhone Developer";
				COPY_PHASE_STRIP = NO;
				DEBUG_INFORMATION_FORMAT = dwarf;
				ENABLE_STRICT_OBJC_MSGSEND = YES;
				ENABLE_TESTABILITY = YES;
				GCC_C_LANGUAGE_STANDARD = gnu11;
				GCC_DYNAMIC_NO_PIC = NO;
				GCC_NO_COMMON_BLOCKS = YES;
				GCC_OPTIMIZATION_LEVEL = 0;
				GCC_PREPROCESSOR_DEFINITIONS = (
					"DEBUG=1",
					"$(inherited)",
				);
				GCC_WARN_64_TO_32_BIT_CONVERSION = YES;
				GCC_WARN_ABOUT_RETURN_TYPE = YES_ERROR;
				GCC_WARN_UNDECLARED_SELECTOR = YES;
				GCC_WARN_UNINITIALIZED_AUTOS = YES_AGGRESSIVE;
				GCC_WARN_UNUSED_FUNCTION = YES;
				GCC_WARN_UNUSED_VARIABLE = YES;
				IPHONEOS_DEPLOYMENT_TARGET = 9.0;
				MTL_ENABLE_DEBUG_INFO = YES;
				ONLY_ACTIVE_ARCH = YES;
				SDKROOT = iphoneos;
				SWIFT_ACTIVE_COMPILATION_CONDITIONS = DEBUG;
				SWIFT_OPTIMIZATION_LEVEL = "-Onone";
			};
			name = Debug;
		};
		2B1CDA0520E1F12A00387F55 /* Release */ = {
			isa = XCBuildConfiguration;
			buildSettings = {
				ALWAYS_SEARCH_USER_PATHS = NO;
				CLANG_ANALYZER_NONNULL = YES;
				CLANG_ANALYZER_NUMBER_OBJECT_CONVERSION = YES_AGGRESSIVE;
				CLANG_CXX_LANGUAGE_STANDARD = "gnu++14";
				CLANG_CXX_LIBRARY = "libc++";
				CLANG_ENABLE_MODULES = YES;
				CLANG_ENABLE_OBJC_ARC = YES;
				CLANG_ENABLE_OBJC_WEAK = YES;
				CLANG_WARN_BLOCK_CAPTURE_AUTORELEASING = YES;
				CLANG_WARN_BOOL_CONVERSION = YES;
				CLANG_WARN_COMMA = YES;
				CLANG_WARN_CONSTANT_CONVERSION = YES;
				CLANG_WARN_DEPRECATED_OBJC_IMPLEMENTATIONS = YES;
				CLANG_WARN_DIRECT_OBJC_ISA_USAGE = YES_ERROR;
				CLANG_WARN_DOCUMENTATION_COMMENTS = YES;
				CLANG_WARN_EMPTY_BODY = YES;
				CLANG_WARN_ENUM_CONVERSION = YES;
				CLANG_WARN_INFINITE_RECURSION = YES;
				CLANG_WARN_INT_CONVERSION = YES;
				CLANG_WARN_NON_LITERAL_NULL_CONVERSION = YES;
				CLANG_WARN_OBJC_IMPLICIT_RETAIN_SELF = YES;
				CLANG_WARN_OBJC_LITERAL_CONVERSION = YES;
				CLANG_WARN_OBJC_ROOT_CLASS = YES_ERROR;
				CLANG_WARN_RANGE_LOOP_ANALYSIS = YES;
				CLANG_WARN_STRICT_PROTOTYPES = YES;
				CLANG_WARN_SUSPICIOUS_MOVE = YES;
				CLANG_WARN_UNGUARDED_AVAILABILITY = YES_AGGRESSIVE;
				CLANG_WARN_UNREACHABLE_CODE = YES;
				CLANG_WARN__DUPLICATE_METHOD_MATCH = YES;
				CODE_SIGN_IDENTITY = "iPhone Developer";
				COPY_PHASE_STRIP = NO;
				DEBUG_INFORMATION_FORMAT = "dwarf-with-dsym";
				ENABLE_NS_ASSERTIONS = NO;
				ENABLE_STRICT_OBJC_MSGSEND = YES;
				GCC_C_LANGUAGE_STANDARD = gnu11;
				GCC_NO_COMMON_BLOCKS = YES;
				GCC_WARN_64_TO_32_BIT_CONVERSION = YES;
				GCC_WARN_ABOUT_RETURN_TYPE = YES_ERROR;
				GCC_WARN_UNDECLARED_SELECTOR = YES;
				GCC_WARN_UNINITIALIZED_AUTOS = YES_AGGRESSIVE;
				GCC_WARN_UNUSED_FUNCTION = YES;
				GCC_WARN_UNUSED_VARIABLE = YES;
				IPHONEOS_DEPLOYMENT_TARGET = 9.0;
				MTL_ENABLE_DEBUG_INFO = NO;
				SDKROOT = iphoneos;
				SWIFT_COMPILATION_MODE = wholemodule;
				SWIFT_OPTIMIZATION_LEVEL = "-O";
				VALIDATE_PRODUCT = YES;
			};
			name = Release;
		};
		2B1CDA0720E1F12A00387F55 /* Debug */ = {
			isa = XCBuildConfiguration;
			buildSettings = {
				CLANG_ENABLE_MODULES = YES;
				CODE_SIGN_STYLE = Automatic;
				LD_RUNPATH_SEARCH_PATHS = (
					"$(inherited)",
					"@executable_path/Frameworks",
					"@loader_path/Frameworks",
				);
				OTHER_LDFLAGS = "-ObjC";
				PRODUCT_NAME = "$(TARGET_NAME)";
				SKIP_INSTALL = YES;
				SWIFT_OBJC_BRIDGING_HEADER = "libmarkdown/libmarkdown-Bridging-Header.h";
				SWIFT_OPTIMIZATION_LEVEL = "-Onone";
				SWIFT_VERSION = 4.0;
				TARGETED_DEVICE_FAMILY = "1,2";
			};
			name = Debug;
		};
		2B1CDA0820E1F12A00387F55 /* Release */ = {
			isa = XCBuildConfiguration;
			buildSettings = {
				CLANG_ENABLE_MODULES = YES;
				CODE_SIGN_STYLE = Automatic;
				LD_RUNPATH_SEARCH_PATHS = (
					"$(inherited)",
					"@executable_path/Frameworks",
					"@loader_path/Frameworks",
				);
				OTHER_LDFLAGS = "-ObjC";
				PRODUCT_NAME = "$(TARGET_NAME)";
				SKIP_INSTALL = YES;
				SWIFT_OBJC_BRIDGING_HEADER = "libmarkdown/libmarkdown-Bridging-Header.h";
				SWIFT_VERSION = 4.0;
				TARGETED_DEVICE_FAMILY = "1,2";
			};
			name = Release;
		};
/* End XCBuildConfiguration section */

/* Begin XCConfigurationList section */
		2B1CD9FA20E1F12A00387F55 /* Build configuration list for PBXProject "libmarkdown" */ = {
			isa = XCConfigurationList;
			buildConfigurations = (
				2B1CDA0420E1F12A00387F55 /* Debug */,
				2B1CDA0520E1F12A00387F55 /* Release */,
			);
			defaultConfigurationIsVisible = 0;
			defaultConfigurationName = Release;
		};
		2B1CDA0620E1F12A00387F55 /* Build configuration list for PBXNativeTarget "libmarkdown" */ = {
			isa = XCConfigurationList;
			buildConfigurations = (
				2B1CDA0720E1F12A00387F55 /* Debug */,
				2B1CDA0820E1F12A00387F55 /* Release */,
			);
			defaultConfigurationIsVisible = 0;
			defaultConfigurationName = Release;
		};
/* End XCConfigurationList section */
	};
	rootObject = 2B1CD9F720E1F12A00387F55 /* Project object */;
}
